
Microsoft Visual Studio Solution File, Format Version 11.00
# Visual Studio 2010
Project("{8BC9CEB8-8B4A-11D0-8D11-00A0C91BC942}") = "abcexe", "abcexe.vcxproj", "{B685997F-6F37-68F2-A463-D25BB23CBF39}"
	ProjectSection(ProjectDependencies) = postProject
		{CC328DD9-EACA-BF77-CA5C-98CFE61DEF7E} = {CC328DD9-EACA-BF77-CA5C-98CFE61DEF7E}
	EndProjectSection
EndProject
Project("{8BC9CEB8-8B4A-11D0-8D11-00A0C91BC942}") = "abclib", "abclib.vcxproj", "{CC328DD9-EACA-BF77-CA5C-98CFE61DEF7E}"
EndProject
Global
	GlobalSection(SolutionConfigurationPlatforms) = preSolution
		Debug|Win32 = Debug|Win32
		Release|Win32 = Release|Win32
		Template|Win32 = Template|Win32
	EndGlobalSection
	GlobalSection(ProjectConfigurationPlatforms) = postSolution
		{B685997F-6F37-68F2-A463-D25BB23CBF39}.Debug|Win32.ActiveCfg = Debug|Win32
		{B685997F-6F37-68F2-A463-D25BB23CBF39}.Debug|Win32.Build.0 = Debug|Win32
		{B685997F-6F37-68F2-A463-D25BB23CBF39}.Release|Win32.ActiveCfg = Release|Win32
		{B685997F-6F37-68F2-A463-D25BB23CBF39}.Release|Win32.Build.0 = Release|Win32
		{B685997F-6F37-68F2-A463-D25BB23CBF39}.Template|Win32.ActiveCfg = Release|Win32
		{B685997F-6F37-68F2-A463-D25BB23CBF39}.Template|Win32.Build.0 = Release|Win32
		{CC328DD9-EACA-BF77-CA5C-98CFE61DEF7E}.Debug|Win32.ActiveCfg = Debug|Win32
		{CC328DD9-EACA-BF77-CA5C-98CFE61DEF7E}.Debug|Win32.Build.0 = Debug|Win32
		{CC328DD9-EACA-BF77-CA5C-98CFE61DEF7E}.Release|Win32.ActiveCfg = Release|Win32
		{CC328DD9-EACA-BF77-CA5C-98CFE61DEF7E}.Release|Win32.Build.0 = Release|Win32
		{CC328DD9-EACA-BF77-CA5C-98CFE61DEF7E}.Template|Win32.ActiveCfg = Template|Win32
		{CC328DD9-EACA-BF77-CA5C-98CFE61DEF7E}.Template|Win32.Build.0 = Template|Win32
	EndGlobalSection
	GlobalSection(SolutionProperties) = preSolution
		HideSolutionNode = FALSE
	EndGlobalSection
EndGlobal
